// !$*UTF8*$!
{
	archiveVersion = 1;
	classes = {
	};
	objectVersion = 50;
	objects = {

/* Begin PBXBuildFile section */
		AE419DBADBA8685F4554D469 /* Pods_User.framework in Frameworks */ = {isa = PBXBuildFile; fileRef = BD1FA87D9BC14A50ED01B5A4 /* Pods_User.framework */; };
		F484753320DE56CE0081D7DF /* ValidationState.swift in Sources */ = {isa = PBXBuildFile; fileRef = F484753220DE56CD0081D7DF /* ValidationState.swift */; };
		F49176B820C4ED71001FD7B6 /* AppDelegate.swift in Sources */ = {isa = PBXBuildFile; fileRef = F49176B720C4ED71001FD7B6 /* AppDelegate.swift */; };
		F49176BA20C4ED71001FD7B6 /* ViewController.swift in Sources */ = {isa = PBXBuildFile; fileRef = F49176B920C4ED71001FD7B6 /* ViewController.swift */; };
		F49176BD20C4ED71001FD7B6 /* Main.storyboard in Resources */ = {isa = PBXBuildFile; fileRef = F49176BB20C4ED71001FD7B6 /* Main.storyboard */; };
		F49176BF20C4ED72001FD7B6 /* Assets.xcassets in Resources */ = {isa = PBXBuildFile; fileRef = F49176BE20C4ED72001FD7B6 /* Assets.xcassets */; };
		F49176C220C4ED72001FD7B6 /* LaunchScreen.storyboard in Resources */ = {isa = PBXBuildFile; fileRef = F49176C020C4ED72001FD7B6 /* LaunchScreen.storyboard */; };
		F49176CB20C4F255001FD7B6 /* SignupViewModel.swift in Sources */ = {isa = PBXBuildFile; fileRef = F49176CA20C4F255001FD7B6 /* SignupViewModel.swift */; };
		F49176CF20C51399001FD7B6 /* SignupService.swift in Sources */ = {isa = PBXBuildFile; fileRef = F49176CE20C51399001FD7B6 /* SignupService.swift */; };
		F497867220C536AD0017CC47 /* SignupViewController.swift in Sources */ = {isa = PBXBuildFile; fileRef = F497867020C536090017CC47 /* SignupViewController.swift */; };
		F497867420C53B3C0017CC47 /* NetworkService.swift in Sources */ = {isa = PBXBuildFile; fileRef = F497867320C53B3C0017CC47 /* NetworkService.swift */; };
		F497867620C58DFA0017CC47 /* Activity.swift in Sources */ = {isa = PBXBuildFile; fileRef = F497867520C58DFA0017CC47 /* Activity.swift */; };
/* End PBXBuildFile section */

/* Begin PBXFileReference section */
		BD1FA87D9BC14A50ED01B5A4 /* Pods_User.framework */ = {isa = PBXFileReference; explicitFileType = wrapper.framework; includeInIndex = 0; path = Pods_User.framework; sourceTree = BUILT_PRODUCTS_DIR; };
		BEBE4ACCC8B2322BEA32354D /* Pods-User.debug.xcconfig */ = {isa = PBXFileReference; includeInIndex = 1; lastKnownFileType = text.xcconfig; name = "Pods-User.debug.xcconfig"; path = "Pods/Target Support Files/Pods-User/Pods-User.debug.xcconfig"; sourceTree = "<group>"; };
		F484753220DE56CD0081D7DF /* ValidationState.swift */ = {isa = PBXFileReference; fileEncoding = 4; lastKnownFileType = sourcecode.swift; path = ValidationState.swift; sourceTree = "<group>"; };
		F49176B420C4ED71001FD7B6 /* User.app */ = {isa = PBXFileReference; explicitFileType = wrapper.application; includeInIndex = 0; path = User.app; sourceTree = BUILT_PRODUCTS_DIR; };
		F49176B720C4ED71001FD7B6 /* AppDelegate.swift */ = {isa = PBXFileReference; lastKnownFileType = sourcecode.swift; path = AppDelegate.swift; sourceTree = "<group>"; };
		F49176B920C4ED71001FD7B6 /* ViewController.swift */ = {isa = PBXFileReference; lastKnownFileType = sourcecode.swift; path = ViewController.swift; sourceTree = "<group>"; };
		F49176BC20C4ED71001FD7B6 /* Base */ = {isa = PBXFileReference; lastKnownFileType = file.storyboard; name = Base; path = Base.lproj/Main.storyboard; sourceTree = "<group>"; };
		F49176BE20C4ED72001FD7B6 /* Assets.xcassets */ = {isa = PBXFileReference; lastKnownFileType = folder.assetcatalog; path = Assets.xcassets; sourceTree = "<group>"; };
		F49176C120C4ED72001FD7B6 /* Base */ = {isa = PBXFileReference; lastKnownFileType = file.storyboard; name = Base; path = Base.lproj/LaunchScreen.storyboard; sourceTree = "<group>"; };
		F49176C320C4ED72001FD7B6 /* Info.plist */ = {isa = PBXFileReference; lastKnownFileType = text.plist.xml; path = Info.plist; sourceTree = "<group>"; };
		F49176CA20C4F255001FD7B6 /* SignupViewModel.swift */ = {isa = PBXFileReference; lastKnownFileType = sourcecode.swift; path = SignupViewModel.swift; sourceTree = "<group>"; };
		F49176CE20C51399001FD7B6 /* SignupService.swift */ = {isa = PBXFileReference; lastKnownFileType = sourcecode.swift; path = SignupService.swift; sourceTree = "<group>"; };
		F497867020C536090017CC47 /* SignupViewController.swift */ = {isa = PBXFileReference; lastKnownFileType = sourcecode.swift; path = SignupViewController.swift; sourceTree = "<group>"; };
		F497867320C53B3C0017CC47 /* NetworkService.swift */ = {isa = PBXFileReference; lastKnownFileType = sourcecode.swift; path = NetworkService.swift; sourceTree = "<group>"; };
		F497867520C58DFA0017CC47 /* Activity.swift */ = {isa = PBXFileReference; lastKnownFileType = sourcecode.swift; path = Activity.swift; sourceTree = "<group>"; };
		FA9F786CD45A22C48126E2C0 /* Pods-User.release.xcconfig */ = {isa = PBXFileReference; includeInIndex = 1; lastKnownFileType = text.xcconfig; name = "Pods-User.release.xcconfig"; path = "Pods/Target Support Files/Pods-User/Pods-User.release.xcconfig"; sourceTree = "<group>"; };
/* End PBXFileReference section */

/* Begin PBXFrameworksBuildPhase section */
		F49176B120C4ED71001FD7B6 /* Frameworks */ = {
			isa = PBXFrameworksBuildPhase;
			buildActionMask = 2147483647;
			files = (
				AE419DBADBA8685F4554D469 /* Pods_User.framework in Frameworks */,
			);
			runOnlyForDeploymentPostprocessing = 0;
		};
/* End PBXFrameworksBuildPhase section */

/* Begin PBXGroup section */
		690BD4BFAC589BBFE5743AA0 /* Frameworks */ = {
			isa = PBXGroup;
			children = (
				BD1FA87D9BC14A50ED01B5A4 /* Pods_User.framework */,
			);
			name = Frameworks;
			sourceTree = "<group>";
		};
		CA59CB5BE8E0B449DAB2EB4E /* Pods */ = {
			isa = PBXGroup;
			children = (
				BEBE4ACCC8B2322BEA32354D /* Pods-User.debug.xcconfig */,
				FA9F786CD45A22C48126E2C0 /* Pods-User.release.xcconfig */,
			);
			name = Pods;
			sourceTree = "<group>";
		};
		F49176AB20C4ED71001FD7B6 = {
			isa = PBXGroup;
			children = (
				F49176B620C4ED71001FD7B6 /* User */,
				F49176B520C4ED71001FD7B6 /* Products */,
				CA59CB5BE8E0B449DAB2EB4E /* Pods */,
				690BD4BFAC589BBFE5743AA0 /* Frameworks */,
			);
			sourceTree = "<group>";
		};
		F49176B520C4ED71001FD7B6 /* Products */ = {
			isa = PBXGroup;
			children = (
				F49176B420C4ED71001FD7B6 /* User.app */,
			);
			name = Products;
			sourceTree = "<group>";
		};
		F49176B620C4ED71001FD7B6 /* User */ = {
			isa = PBXGroup;
			children = (
				F497867520C58DFA0017CC47 /* Activity.swift */,
				F49176C920C4F240001FD7B6 /* Signup */,
				F49176B720C4ED71001FD7B6 /* AppDelegate.swift */,
				F49176B920C4ED71001FD7B6 /* ViewController.swift */,
				F49176BB20C4ED71001FD7B6 /* Main.storyboard */,
				F49176BE20C4ED72001FD7B6 /* Assets.xcassets */,
				F49176C020C4ED72001FD7B6 /* LaunchScreen.storyboard */,
				F49176C320C4ED72001FD7B6 /* Info.plist */,
			);
			path = User;
			sourceTree = "<group>";
		};
		F49176C920C4F240001FD7B6 /* Signup */ = {
			isa = PBXGroup;
			children = (
				F484753220DE56CD0081D7DF /* ValidationState.swift */,
				F497867020C536090017CC47 /* SignupViewController.swift */,
				F49176CE20C51399001FD7B6 /* SignupService.swift */,
				F49176CA20C4F255001FD7B6 /* SignupViewModel.swift */,
				F497867320C53B3C0017CC47 /* NetworkService.swift */,
			);
			path = Signup;
			sourceTree = "<group>";
		};
/* End PBXGroup section */

/* Begin PBXNativeTarget section */
		F49176B320C4ED71001FD7B6 /* User */ = {
			isa = PBXNativeTarget;
			buildConfigurationList = F49176C620C4ED72001FD7B6 /* Build configuration list for PBXNativeTarget "User" */;
			buildPhases = (
				C8FC48A255CC4E4022B3553B /* [CP] Check Pods Manifest.lock */,
				F49176B020C4ED71001FD7B6 /* Sources */,
				F49176B120C4ED71001FD7B6 /* Frameworks */,
				F49176B220C4ED71001FD7B6 /* Resources */,
				00D9EB2F28D006704D6EC11B /* [CP] Embed Pods Frameworks */,
			);
			buildRules = (
			);
			dependencies = (
			);
			name = User;
			productName = User;
			productReference = F49176B420C4ED71001FD7B6 /* User.app */;
			productType = "com.apple.product-type.application";
		};
/* End PBXNativeTarget section */

/* Begin PBXProject section */
		F49176AC20C4ED71001FD7B6 /* Project object */ = {
			isa = PBXProject;
			attributes = {
				LastSwiftUpdateCheck = 0930;
				LastUpgradeCheck = 0930;
				ORGANIZATIONNAME = Mudox;
				TargetAttributes = {
					F49176B320C4ED71001FD7B6 = {
						CreatedOnToolsVersion = 9.3.1;
					};
				};
			};
			buildConfigurationList = F49176AF20C4ED71001FD7B6 /* Build configuration list for PBXProject "User" */;
			compatibilityVersion = "Xcode 9.3";
			developmentRegion = en;
			hasScannedForEncodings = 0;
			knownRegions = (
				en,
				Base,
			);
			mainGroup = F49176AB20C4ED71001FD7B6;
			productRefGroup = F49176B520C4ED71001FD7B6 /* Products */;
			projectDirPath = "";
			projectRoot = "";
			targets = (
				F49176B320C4ED71001FD7B6 /* User */,
			);
		};
/* End PBXProject section */

/* Begin PBXResourcesBuildPhase section */
		F49176B220C4ED71001FD7B6 /* Resources */ = {
			isa = PBXResourcesBuildPhase;
			buildActionMask = 2147483647;
			files = (
				F49176C220C4ED72001FD7B6 /* LaunchScreen.storyboard in Resources */,
				F49176BF20C4ED72001FD7B6 /* Assets.xcassets in Resources */,
				F49176BD20C4ED71001FD7B6 /* Main.storyboard in Resources */,
			);
			runOnlyForDeploymentPostprocessing = 0;
		};
/* End PBXResourcesBuildPhase section */

/* Begin PBXShellScriptBuildPhase section */
		00D9EB2F28D006704D6EC11B /* [CP] Embed Pods Frameworks */ = {
			isa = PBXShellScriptBuildPhase;
			buildActionMask = 2147483647;
			files = (
			);
			inputPaths = (
				"${SRCROOT}/Pods/Target Support Files/Pods-User/Pods-User-frameworks.sh",
				"${BUILT_PRODUCTS_DIR}/Action/Action.framework",
				"${BUILT_PRODUCTS_DIR}/Alamofire/Alamofire.framework",
				"${BUILT_PRODUCTS_DIR}/CocoaLumberjack/CocoaLumberjack.framework",
				"${BUILT_PRODUCTS_DIR}/Differentiator/Differentiator.framework",
				"${BUILT_PRODUCTS_DIR}/Eureka/Eureka.framework",
				"${BUILT_PRODUCTS_DIR}/JacKit/JacKit.framework",
				"${BUILT_PRODUCTS_DIR}/MBProgressHUD/MBProgressHUD.framework",
				"${BUILT_PRODUCTS_DIR}/Moya/Moya.framework",
				"${BUILT_PRODUCTS_DIR}/MudoxKit/MudoxKit.framework",
				"${BUILT_PRODUCTS_DIR}/Result/Result.framework",
				"${BUILT_PRODUCTS_DIR}/RxAlamofire/RxAlamofire.framework",
				"${BUILT_PRODUCTS_DIR}/RxCocoa/RxCocoa.framework",
				"${BUILT_PRODUCTS_DIR}/RxDataSources/RxDataSources.framework",
				"${BUILT_PRODUCTS_DIR}/RxSwift/RxSwift.framework",
				"${BUILT_PRODUCTS_DIR}/RxSwiftExt/RxSwiftExt.framework",
			);
			name = "[CP] Embed Pods Frameworks";
			outputPaths = (
				"${TARGET_BUILD_DIR}/${FRAMEWORKS_FOLDER_PATH}/Action.framework",
				"${TARGET_BUILD_DIR}/${FRAMEWORKS_FOLDER_PATH}/Alamofire.framework",
				"${TARGET_BUILD_DIR}/${FRAMEWORKS_FOLDER_PATH}/CocoaLumberjack.framework",
				"${TARGET_BUILD_DIR}/${FRAMEWORKS_FOLDER_PATH}/Differentiator.framework",
				"${TARGET_BUILD_DIR}/${FRAMEWORKS_FOLDER_PATH}/Eureka.framework",
				"${TARGET_BUILD_DIR}/${FRAMEWORKS_FOLDER_PATH}/JacKit.framework",
				"${TARGET_BUILD_DIR}/${FRAMEWORKS_FOLDER_PATH}/MBProgressHUD.framework",
				"${TARGET_BUILD_DIR}/${FRAMEWORKS_FOLDER_PATH}/Moya.framework",
				"${TARGET_BUILD_DIR}/${FRAMEWORKS_FOLDER_PATH}/MudoxKit.framework",
				"${TARGET_BUILD_DIR}/${FRAMEWORKS_FOLDER_PATH}/Result.framework",
				"${TARGET_BUILD_DIR}/${FRAMEWORKS_FOLDER_PATH}/RxAlamofire.framework",
				"${TARGET_BUILD_DIR}/${FRAMEWORKS_FOLDER_PATH}/RxCocoa.framework",
				"${TARGET_BUILD_DIR}/${FRAMEWORKS_FOLDER_PATH}/RxDataSources.framework",
				"${TARGET_BUILD_DIR}/${FRAMEWORKS_FOLDER_PATH}/RxSwift.framework",
				"${TARGET_BUILD_DIR}/${FRAMEWORKS_FOLDER_PATH}/RxSwiftExt.framework",
			);
			runOnlyForDeploymentPostprocessing = 0;
			shellPath = /bin/sh;
			shellScript = "\"${SRCROOT}/Pods/Target Support Files/Pods-User/Pods-User-frameworks.sh\"\n";
			showEnvVarsInLog = 0;
		};
		C8FC48A255CC4E4022B3553B /* [CP] Check Pods Manifest.lock */ = {
			isa = PBXShellScriptBuildPhase;
			buildActionMask = 2147483647;
			files = (
			);
			inputPaths = (
				"${PODS_PODFILE_DIR_PATH}/Podfile.lock",
				"${PODS_ROOT}/Manifest.lock",
			);
			name = "[CP] Check Pods Manifest.lock";
			outputPaths = (
				"$(DERIVED_FILE_DIR)/Pods-User-checkManifestLockResult.txt",
			);
			runOnlyForDeploymentPostprocessing = 0;
			shellPath = /bin/sh;
			shellScript = "diff \"${PODS_PODFILE_DIR_PATH}/Podfile.lock\" \"${PODS_ROOT}/Manifest.lock\" > /dev/null\nif [ $? != 0 ] ; then\n    # print error to STDERR\n    echo \"error: The sandbox is not in sync with the Podfile.lock. Run 'pod install' or update your CocoaPods installation.\" >&2\n    exit 1\nfi\n# This output is used by Xcode 'outputs' to avoid re-running this script phase.\necho \"SUCCESS\" > \"${SCRIPT_OUTPUT_FILE_0}\"\n";
			showEnvVarsInLog = 0;
		};
/* End PBXShellScriptBuildPhase section */

/* Begin PBXSourcesBuildPhase section */
		F49176B020C4ED71001FD7B6 /* Sources */ = {
			isa = PBXSourcesBuildPhase;
			buildActionMask = 2147483647;
			files = (
				F497867220C536AD0017CC47 /* SignupViewController.swift in Sources */,
				F49176CB20C4F255001FD7B6 /* SignupViewModel.swift in Sources */,
				F49176BA20C4ED71001FD7B6 /* ViewController.swift in Sources */,
				F49176B820C4ED71001FD7B6 /* AppDelegate.swift in Sources */,
				F484753320DE56CE0081D7DF /* ValidationState.swift in Sources */,
				F49176CF20C51399001FD7B6 /* SignupService.swift in Sources */,
				F497867620C58DFA0017CC47 /* Activity.swift in Sources */,
				F497867420C53B3C0017CC47 /* NetworkService.swift in Sources */,
			);
			runOnlyForDeploymentPostprocessing = 0;
		};
/* End PBXSourcesBuildPhase section */

/* Begin PBXVariantGroup section */
		F49176BB20C4ED71001FD7B6 /* Main.storyboard */ = {
			isa = PBXVariantGroup;
			children = (
				F49176BC20C4ED71001FD7B6 /* Base */,
			);
			name = Main.storyboard;
			sourceTree = "<group>";
		};
		F49176C020C4ED72001FD7B6 /* LaunchScreen.storyboard */ = {
			isa = PBXVariantGroup;
			children = (
				F49176C120C4ED72001FD7B6 /* Base */,
			);
			name = LaunchScreen.storyboard;
			sourceTree = "<group>";
		};
/* End PBXVariantGroup section */

/* Begin XCBuildConfiguration section */
		F49176C420C4ED72001FD7B6 /* Debug */ = {
			isa = XCBuildConfiguration;
			buildSettings = {
				ALWAYS_SEARCH_USER_PATHS = NO;
				CLANG_ANALYZER_NONNULL = YES;
				CLANG_ANALYZER_NUMBER_OBJECT_CONVERSION = YES_AGGRESSIVE;
				CLANG_CXX_LANGUAGE_STANDARD = "gnu++14";
				CLANG_CXX_LIBRARY = "libc++";
				CLANG_ENABLE_MODULES = YES;
				CLANG_ENABLE_OBJC_ARC = YES;
				CLANG_ENABLE_OBJC_WEAK = YES;
				CLANG_WARN_BLOCK_CAPTURE_AUTORELEASING = YES;
				CLANG_WARN_BOOL_CONVERSION = YES;
				CLANG_WARN_COMMA = YES;
				CLANG_WARN_CONSTANT_CONVERSION = YES;
				CLANG_WARN_DEPRECATED_OBJC_IMPLEMENTATIONS = YES;
				CLANG_WARN_DIRECT_OBJC_ISA_USAGE = YES_ERROR;
				CLANG_WARN_DOCUMENTATION_COMMENTS = YES;
				CLANG_WARN_EMPTY_BODY = YES;
				CLANG_WARN_ENUM_CONVERSION = YES;
				CLANG_WARN_INFINITE_RECURSION = YES;
				CLANG_WARN_INT_CONVERSION = YES;
				CLANG_WARN_NON_LITERAL_NULL_CONVERSION = YES;
				CLANG_WARN_OBJC_IMPLICIT_RETAIN_SELF = YES;
				CLANG_WARN_OBJC_LITERAL_CONVERSION = YES;
				CLANG_WARN_OBJC_ROOT_CLASS = YES_ERROR;
				CLANG_WARN_RANGE_LOOP_ANALYSIS = YES;
				CLANG_WARN_STRICT_PROTOTYPES = YES;
				CLANG_WARN_SUSPICIOUS_MOVE = YES;
				CLANG_WARN_UNGUARDED_AVAILABILITY = YES_AGGRESSIVE;
				CLANG_WARN_UNREACHABLE_CODE = YES;
				CLANG_WARN__DUPLICATE_METHOD_MATCH = YES;
				CODE_SIGN_IDENTITY = "iPhone Developer";
				COPY_PHASE_STRIP = NO;
				DEBUG_INFORMATION_FORMAT = dwarf;
				ENABLE_STRICT_OBJC_MSGSEND = YES;
				ENABLE_TESTABILITY = YES;
				GCC_C_LANGUAGE_STANDARD = gnu11;
				GCC_DYNAMIC_NO_PIC = NO;
				GCC_NO_COMMON_BLOCKS = YES;
				GCC_OPTIMIZATION_LEVEL = 0;
				GCC_PREPROCESSOR_DEFINITIONS = (
					"DEBUG=1",
					"$(inherited)",
				);
				GCC_WARN_64_TO_32_BIT_CONVERSION = YES;
				GCC_WARN_ABOUT_RETURN_TYPE = YES_ERROR;
				GCC_WARN_UNDECLARED_SELECTOR = YES;
				GCC_WARN_UNINITIALIZED_AUTOS = YES_AGGRESSIVE;
				GCC_WARN_UNUSED_FUNCTION = YES;
				GCC_WARN_UNUSED_VARIABLE = YES;
				IPHONEOS_DEPLOYMENT_TARGET = 11.3;
				MTL_ENABLE_DEBUG_INFO = YES;
				ONLY_ACTIVE_ARCH = YES;
				SDKROOT = iphoneos;
				SWIFT_ACTIVE_COMPILATION_CONDITIONS = DEBUG;
				SWIFT_OPTIMIZATION_LEVEL = "-Onone";
			};
			name = Debug;
		};
		F49176C520C4ED72001FD7B6 /* Release */ = {
			isa = XCBuildConfiguration;
			buildSettings = {
				ALWAYS_SEARCH_USER_PATHS = NO;
				CLANG_ANALYZER_NONNULL = YES;
				CLANG_ANALYZER_NUMBER_OBJECT_CONVERSION = YES_AGGRESSIVE;
				CLANG_CXX_LANGUAGE_STANDARD = "gnu++14";
				CLANG_CXX_LIBRARY = "libc++";
				CLANG_ENABLE_MODULES = YES;
				CLANG_ENABLE_OBJC_ARC = YES;
				CLANG_ENABLE_OBJC_WEAK = YES;
				CLANG_WARN_BLOCK_CAPTURE_AUTORELEASING = YES;
				CLANG_WARN_BOOL_CONVERSION = YES;
				CLANG_WARN_COMMA = YES;
				CLANG_WARN_CONSTANT_CONVERSION = YES;
				CLANG_WARN_DEPRECATED_OBJC_IMPLEMENTATIONS = YES;
				CLANG_WARN_DIRECT_OBJC_ISA_USAGE = YES_ERROR;
				CLANG_WARN_DOCUMENTATION_COMMENTS = YES;
				CLANG_WARN_EMPTY_BODY = YES;
				CLANG_WARN_ENUM_CONVERSION = YES;
				CLANG_WARN_INFINITE_RECURSION = YES;
				CLANG_WARN_INT_CONVERSION = YES;
				CLANG_WARN_NON_LITERAL_NULL_CONVERSION = YES;
				CLANG_WARN_OBJC_IMPLICIT_RETAIN_SELF = YES;
				CLANG_WARN_OBJC_LITERAL_CONVERSION = YES;
				CLANG_WARN_OBJC_ROOT_CLASS = YES_ERROR;
				CLANG_WARN_RANGE_LOOP_ANALYSIS = YES;
				CLANG_WARN_STRICT_PROTOTYPES = YES;
				CLANG_WARN_SUSPICIOUS_MOVE = YES;
				CLANG_WARN_UNGUARDED_AVAILABILITY = YES_AGGRESSIVE;
				CLANG_WARN_UNREACHABLE_CODE = YES;
				CLANG_WARN__DUPLICATE_METHOD_MATCH = YES;
				CODE_SIGN_IDENTITY = "iPhone Developer";
				COPY_PHASE_STRIP = NO;
				DEBUG_INFORMATION_FORMAT = "dwarf-with-dsym";
				ENABLE_NS_ASSERTIONS = NO;
				ENABLE_STRICT_OBJC_MSGSEND = YES;
				GCC_C_LANGUAGE_STANDARD = gnu11;
				GCC_NO_COMMON_BLOCKS = YES;
				GCC_WARN_64_TO_32_BIT_CONVERSION = YES;
				GCC_WARN_ABOUT_RETURN_TYPE = YES_ERROR;
				GCC_WARN_UNDECLARED_SELECTOR = YES;
				GCC_WARN_UNINITIALIZED_AUTOS = YES_AGGRESSIVE;
				GCC_WARN_UNUSED_FUNCTION = YES;
				GCC_WARN_UNUSED_VARIABLE = YES;
				IPHONEOS_DEPLOYMENT_TARGET = 11.3;
				MTL_ENABLE_DEBUG_INFO = NO;
				SDKROOT = iphoneos;
				SWIFT_COMPILATION_MODE = wholemodule;
				SWIFT_OPTIMIZATION_LEVEL = "-O";
				VALIDATE_PRODUCT = YES;
			};
			name = Release;
		};
		F49176C720C4ED72001FD7B6 /* Debug */ = {
			isa = XCBuildConfiguration;
			baseConfigurationReference = BEBE4ACCC8B2322BEA32354D /* Pods-User.debug.xcconfig */;
			buildSettings = {
				ASSETCATALOG_COMPILER_APPICON_NAME = AppIcon;
				CODE_SIGN_STYLE = Automatic;
				DEVELOPMENT_TEAM = YSQ5ZCLFSD;
				INFOPLIST_FILE = User/Info.plist;
				LD_RUNPATH_SEARCH_PATHS = (
					"$(inherited)",
					"@executable_path/Frameworks",
				);
				PRODUCT_BUNDLE_IDENTIFIER = io.github.mudox.MudoxKit.User;
				PRODUCT_NAME = "$(TARGET_NAME)";
				SWIFT_VERSION = 4.0;
				TARGETED_DEVICE_FAMILY = "1,2";
			};
			name = Debug;
		};
		F49176C820C4ED72001FD7B6 /* Release */ = {
			isa = XCBuildConfiguration;
			baseConfigurationReference = FA9F786CD45A22C48126E2C0 /* Pods-User.release.xcconfig */;
			buildSettings = {
				ASSETCATALOG_COMPILER_APPICON_NAME = AppIcon;
				CODE_SIGN_STYLE = Automatic;
				DEVELOPMENT_TEAM = YSQ5ZCLFSD;
				INFOPLIST_FILE = User/Info.plist;
				LD_RUNPATH_SEARCH_PATHS = (
					"$(inherited)",
					"@executable_path/Frameworks",
				);
				PRODUCT_BUNDLE_IDENTIFIER = io.github.mudox.MudoxKit.User;
				PRODUCT_NAME = "$(TARGET_NAME)";
				SWIFT_VERSION = 4.0;
				TARGETED_DEVICE_FAMILY = "1,2";
			};
			name = Release;
		};
/* End XCBuildConfiguration section */

/* Begin XCConfigurationList section */
		F49176AF20C4ED71001FD7B6 /* Build configuration list for PBXProject "User" */ = {
			isa = XCConfigurationList;
			buildConfigurations = (
				F49176C420C4ED72001FD7B6 /* Debug */,
				F49176C520C4ED72001FD7B6 /* Release */,
			);
			defaultConfigurationIsVisible = 0;
			defaultConfigurationName = Release;
		};
		F49176C620C4ED72001FD7B6 /* Build configuration list for PBXNativeTarget "User" */ = {
			isa = XCConfigurationList;
			buildConfigurations = (
				F49176C720C4ED72001FD7B6 /* Debug */,
				F49176C820C4ED72001FD7B6 /* Release */,
			);
			defaultConfigurationIsVisible = 0;
			defaultConfigurationName = Release;
		};
/* End XCConfigurationList section */
	};
	rootObject = F49176AC20C4ED71001FD7B6 /* Project object */;
}
